# This file is generated by running "yarn install" inside your project.
# Manual changes might be lost - proceed with caution!

__metadata:
  version: 6
  cacheKey: 8

"prettier@npm:^2.6.1":
  version: 2.6.1
  resolution: "prettier@npm:2.6.1"
  bin:
    prettier: bin-prettier.js
  checksum: 78be1f8a3ddfad7c3d8a854b6c8941a3bb1ddfca4225c38d778e0fe1029a55368f71b3bbefff82c689015fbb4d391ec44add957f01308ad2725e01a7c1f37cb6
  languageName: node
  linkType: hard

"root-workspace-0b6124@workspace:.":
  version: 0.0.0-use.local
  resolution: "root-workspace-0b6124@workspace:."
  dependencies:
    prettier: ^2.6.1
  languageName: unknown
  linkType: soft
